// !$*UTF8*$!
{
	archiveVersion = 1;
	classes = {
	};
	objectVersion = 48;
	objects = {

/* Begin PBXBuildFile section */
		E61710132073883700EC940A /* AppDelegate.m in Sources */ = {isa = PBXBuildFile; fileRef = E61710122073883700EC940A /* AppDelegate.m */; };
		E61710162073883700EC940A /* ViewController.m in Sources */ = {isa = PBXBuildFile; fileRef = E61710152073883700EC940A /* ViewController.m */; };
		E61710192073883700EC940A /* Main.storyboard in Resources */ = {isa = PBXBuildFile; fileRef = E61710172073883700EC940A /* Main.storyboard */; };
		E617101B2073883700EC940A /* Assets.xcassets in Resources */ = {isa = PBXBuildFile; fileRef = E617101A2073883700EC940A /* Assets.xcassets */; };
		E617101E2073883700EC940A /* LaunchScreen.storyboard in Resources */ = {isa = PBXBuildFile; fileRef = E617101C2073883700EC940A /* LaunchScreen.storyboard */; };
		E61710212073883700EC940A /* main.m in Sources */ = {isa = PBXBuildFile; fileRef = E61710202073883700EC940A /* main.m */; };
		E6171029207388AE00EC940A /* getPhoneType.m in Sources */ = {isa = PBXBuildFile; fileRef = E6171028207388AE00EC940A /* getPhoneType.m */; };
/* End PBXBuildFile section */

/* Begin PBXFileReference section */
		E617100E2073883700EC940A /* phoneType.app */ = {isa = PBXFileReference; explicitFileType = wrapper.application; includeInIndex = 0; path = phoneType.app; sourceTree = BUILT_PRODUCTS_DIR; };
		E61710112073883700EC940A /* AppDelegate.h */ = {isa = PBXFileReference; lastKnownFileType = sourcecode.c.h; path = AppDelegate.h; sourceTree = "<group>"; };
		E61710122073883700EC940A /* AppDelegate.m */ = {isa = PBXFileReference; lastKnownFileType = sourcecode.c.objc; path = AppDelegate.m; sourceTree = "<group>"; };
		E61710142073883700EC940A /* ViewController.h */ = {isa = PBXFileReference; lastKnownFileType = sourcecode.c.h; path = ViewController.h; sourceTree = "<group>"; };
		E61710152073883700EC940A /* ViewController.m */ = {isa = PBXFileReference; lastKnownFileType = sourcecode.c.objc; path = ViewController.m; sourceTree = "<group>"; };
		E61710182073883700EC940A /* Base */ = {isa = PBXFileReference; lastKnownFileType = file.storyboard; name = Base; path = Base.lproj/Main.storyboard; sourceTree = "<group>"; };
		E617101A2073883700EC940A /* Assets.xcassets */ = {isa = PBXFileReference; lastKnownFileType = folder.assetcatalog; path = Assets.xcassets; sourceTree = "<group>"; };
		E617101D2073883700EC940A /* Base */ = {isa = PBXFileReference; lastKnownFileType = file.storyboard; name = Base; path = Base.lproj/LaunchScreen.storyboard; sourceTree = "<group>"; };
		E617101F2073883700EC940A /* Info.plist */ = {isa = PBXFileReference; lastKnownFileType = text.plist.xml; path = Info.plist; sourceTree = "<group>"; };
		E61710202073883700EC940A /* main.m */ = {isa = PBXFileReference; lastKnownFileType = sourcecode.c.objc; path = main.m; sourceTree = "<group>"; };
		E6171027207388AE00EC940A /* getPhoneType.h */ = {isa = PBXFileReference; lastKnownFileType = sourcecode.c.h; path = getPhoneType.h; sourceTree = "<group>"; };
		E6171028207388AE00EC940A /* getPhoneType.m */ = {isa = PBXFileReference; lastKnownFileType = sourcecode.c.objc; path = getPhoneType.m; sourceTree = "<group>"; };
/* End PBXFileReference section */

/* Begin PBXFrameworksBuildPhase section */
		E617100B2073883700EC940A /* Frameworks */ = {
			isa = PBXFrameworksBuildPhase;
			buildActionMask = 2147483647;
			files = (
			);
			runOnlyForDeploymentPostprocessing = 0;
		};
/* End PBXFrameworksBuildPhase section */

/* Begin PBXGroup section */
		E61710052073883700EC940A = {
			isa = PBXGroup;
			children = (
				E61710102073883700EC940A /* phoneType */,
				E617100F2073883700EC940A /* Products */,
			);
			sourceTree = "<group>";
		};
		E617100F2073883700EC940A /* Products */ = {
			isa = PBXGroup;
			children = (
				E617100E2073883700EC940A /* phoneType.app */,
			);
			name = Products;
			sourceTree = "<group>";
		};
		E61710102073883700EC940A /* phoneType */ = {
			isa = PBXGroup;
			children = (
				E6171027207388AE00EC940A /* getPhoneType.h */,
				E6171028207388AE00EC940A /* getPhoneType.m */,
				E61710112073883700EC940A /* AppDelegate.h */,
				E61710122073883700EC940A /* AppDelegate.m */,
				E61710142073883700EC940A /* ViewController.h */,
				E61710152073883700EC940A /* ViewController.m */,
				E61710172073883700EC940A /* Main.storyboard */,
				E617101A2073883700EC940A /* Assets.xcassets */,
				E617101C2073883700EC940A /* LaunchScreen.storyboard */,
				E617101F2073883700EC940A /* Info.plist */,
				E61710202073883700EC940A /* main.m */,
			);
			path = phoneType;
			sourceTree = "<group>";
		};
/* End PBXGroup section */

/* Begin PBXNativeTarget section */
		E617100D2073883700EC940A /* phoneType */ = {
			isa = PBXNativeTarget;
			buildConfigurationList = E61710242073883700EC940A /* Build configuration list for PBXNativeTarget "phoneType" */;
			buildPhases = (
				E617100A2073883700EC940A /* Sources */,
				E617100B2073883700EC940A /* Frameworks */,
				E617100C2073883700EC940A /* Resources */,
			);
			buildRules = (
			);
			dependencies = (
			);
			name = phoneType;
			productName = phoneType;
			productReference = E617100E2073883700EC940A /* phoneType.app */;
			productType = "com.apple.product-type.application";
		};
/* End PBXNativeTarget section */

/* Begin PBXProject section */
		E61710062073883700EC940A /* Project object */ = {
			isa = PBXProject;
			attributes = {
				LastUpgradeCheck = 0920;
				ORGANIZATIONNAME = mooer;
				TargetAttributes = {
					E617100D2073883700EC940A = {
						CreatedOnToolsVersion = 9.2;
						ProvisioningStyle = Automatic;
					};
				};
			};
			buildConfigurationList = E61710092073883700EC940A /* Build configuration list for PBXProject "phoneType" */;
			compatibilityVersion = "Xcode 8.0";
			developmentRegion = en;
			hasScannedForEncodings = 0;
			knownRegions = (
				en,
				Base,
			);
			mainGroup = E61710052073883700EC940A;
			productRefGroup = E617100F2073883700EC940A /* Products */;
			projectDirPath = "";
			projectRoot = "";
			targets = (
				E617100D2073883700EC940A /* phoneType */,
			);
		};
/* End PBXProject section */

/* Begin PBXResourcesBuildPhase section */
		E617100C2073883700EC940A /* Resources */ = {
			isa = PBXResourcesBuildPhase;
			buildActionMask = 2147483647;
			files = (
				E617101E2073883700EC940A /* LaunchScreen.storyboard in Resources */,
				E617101B2073883700EC940A /* Assets.xcassets in Resources */,
				E61710192073883700EC940A /* Main.storyboard in Resources */,
			);
			runOnlyForDeploymentPostprocessing = 0;
		};
/* End PBXResourcesBuildPhase section */

/* Begin PBXSourcesBuildPhase section */
		E617100A2073883700EC940A /* Sources */ = {
			isa = PBXSourcesBuildPhase;
			buildActionMask = 2147483647;
			files = (
				E61710162073883700EC940A /* ViewController.m in Sources */,
				E6171029207388AE00EC940A /* getPhoneType.m in Sources */,
				E61710212073883700EC940A /* main.m in Sources */,
				E61710132073883700EC940A /* AppDelegate.m in Sources */,
			);
			runOnlyForDeploymentPostprocessing = 0;
		};
/* End PBXSourcesBuildPhase section */

/* Begin PBXVariantGroup section */
		E61710172073883700EC940A /* Main.storyboard */ = {
			isa = PBXVariantGroup;
			children = (
				E61710182073883700EC940A /* Base */,
			);
			name = Main.storyboard;
			sourceTree = "<group>";
		};
		E617101C2073883700EC940A /* LaunchScreen.storyboard */ = {
			isa = PBXVariantGroup;
			children = (
				E617101D2073883700EC940A /* Base */,
			);
			name = LaunchScreen.storyboard;
			sourceTree = "<group>";
		};
/* End PBXVariantGroup section */

/* Begin XCBuildConfiguration section */
		E61710222073883700EC940A /* Debug */ = {
			isa = XCBuildConfiguration;
			buildSettings = {
				ALWAYS_SEARCH_USER_PATHS = NO;
				CLANG_ANALYZER_NONNULL = YES;
				CLANG_ANALYZER_NUMBER_OBJECT_CONVERSION = YES_AGGRESSIVE;
				CLANG_CXX_LANGUAGE_STANDARD = "gnu++14";
				CLANG_CXX_LIBRARY = "libc++";
				CLANG_ENABLE_MODULES = YES;
				CLANG_ENABLE_OBJC_ARC = YES;
				CLANG_WARN_BLOCK_CAPTURE_AUTORELEASING = YES;
				CLANG_WARN_BOOL_CONVERSION = YES;
				CLANG_WARN_COMMA = YES;
				CLANG_WARN_CONSTANT_CONVERSION = YES;
				CLANG_WARN_DIRECT_OBJC_ISA_USAGE = YES_ERROR;
				CLANG_WARN_DOCUMENTATION_COMMENTS = YES;
				CLANG_WARN_EMPTY_BODY = YES;
				CLANG_WARN_ENUM_CONVERSION = YES;
				CLANG_WARN_INFINITE_RECURSION = YES;
				CLANG_WARN_INT_CONVERSION = YES;
				CLANG_WARN_NON_LITERAL_NULL_CONVERSION = YES;
				CLANG_WARN_OBJC_LITERAL_CONVERSION = YES;
				CLANG_WARN_OBJC_ROOT_CLASS = YES_ERROR;
				CLANG_WARN_RANGE_LOOP_ANALYSIS = YES;
				CLANG_WARN_STRICT_PROTOTYPES = YES;
				CLANG_WARN_SUSPICIOUS_MOVE = YES;
				CLANG_WARN_UNGUARDED_AVAILABILITY = YES_AGGRESSIVE;
				CLANG_WARN_UNREACHABLE_CODE = YES;
				CLANG_WARN__DUPLICATE_METHOD_MATCH = YES;
				CODE_SIGN_IDENTITY = "iPhone Developer";
				COPY_PHASE_STRIP = NO;
				DEBUG_INFORMATION_FORMAT = dwarf;
				ENABLE_STRICT_OBJC_MSGSEND = YES;
				ENABLE_TESTABILITY = YES;
				GCC_C_LANGUAGE_STANDARD = gnu11;
				GCC_DYNAMIC_NO_PIC = NO;
				GCC_NO_COMMON_BLOCKS = YES;
				GCC_OPTIMIZATION_LEVEL = 0;
				GCC_PREPROCESSOR_DEFINITIONS = (
					"DEBUG=1",
					"$(inherited)",
				);
				GCC_WARN_64_TO_32_BIT_CONVERSION = YES;
				GCC_WARN_ABOUT_RETURN_TYPE = YES_ERROR;
				GCC_WARN_UNDECLARED_SELECTOR = YES;
				GCC_WARN_UNINITIALIZED_AUTOS = YES_AGGRESSIVE;
				GCC_WARN_UNUSED_FUNCTION = YES;
				GCC_WARN_UNUSED_VARIABLE = YES;
				IPHONEOS_DEPLOYMENT_TARGET = 11.2;
				MTL_ENABLE_DEBUG_INFO = YES;
				ONLY_ACTIVE_ARCH = YES;
				SDKROOT = iphoneos;
			};
			name = Debug;
		};
		E61710232073883700EC940A /* Release */ = {
			isa = XCBuildConfiguration;
			buildSettings = {
				ALWAYS_SEARCH_USER_PATHS = NO;
				CLANG_ANALYZER_NONNULL = YES;
				CLANG_ANALYZER_NUMBER_OBJECT_CONVERSION = YES_AGGRESSIVE;
				CLANG_CXX_LANGUAGE_STANDARD = "gnu++14";
				CLANG_CXX_LIBRARY = "libc++";
				CLANG_ENABLE_MODULES = YES;
				CLANG_ENABLE_OBJC_ARC = YES;
				CLANG_WARN_BLOCK_CAPTURE_AUTORELEASING = YES;
				CLANG_WARN_BOOL_CONVERSION = YES;
				CLANG_WARN_COMMA = YES;
				CLANG_WARN_CONSTANT_CONVERSION = YES;
				CLANG_WARN_DIRECT_OBJC_ISA_USAGE = YES_ERROR;
				CLANG_WARN_DOCUMENTATION_COMMENTS = YES;
				CLANG_WARN_EMPTY_BODY = YES;
				CLANG_WARN_ENUM_CONVERSION = YES;
				CLANG_WARN_INFINITE_RECURSION = YES;
				CLANG_WARN_INT_CONVERSION = YES;
				CLANG_WARN_NON_LITERAL_NULL_CONVERSION = YES;
				CLANG_WARN_OBJC_LITERAL_CONVERSION = YES;
				CLANG_WARN_OBJC_ROOT_CLASS = YES_ERROR;
				CLANG_WARN_RANGE_LOOP_ANALYSIS = YES;
				CLANG_WARN_STRICT_PROTOTYPES = YES;
				CLANG_WARN_SUSPICIOUS_MOVE = YES;
				CLANG_WARN_UNGUARDED_AVAILABILITY = YES_AGGRESSIVE;
				CLANG_WARN_UNREACHABLE_CODE = YES;
				CLANG_WARN__DUPLICATE_METHOD_MATCH = YES;
				CODE_SIGN_IDENTITY = "iPhone Developer";
				COPY_PHASE_STRIP = NO;
				DEBUG_INFORMATION_FORMAT = "dwarf-with-dsym";
				ENABLE_NS_ASSERTIONS = NO;
				ENABLE_STRICT_OBJC_MSGSEND = YES;
				GCC_C_LANGUAGE_STANDARD = gnu11;
				GCC_NO_COMMON_BLOCKS = YES;
				GCC_WARN_64_TO_32_BIT_CONVERSION = YES;
				GCC_WARN_ABOUT_RETURN_TYPE = YES_ERROR;
				GCC_WARN_UNDECLARED_SELECTOR = YES;
				GCC_WARN_UNINITIALIZED_AUTOS = YES_AGGRESSIVE;
				GCC_WARN_UNUSED_FUNCTION = YES;
				GCC_WARN_UNUSED_VARIABLE = YES;
				IPHONEOS_DEPLOYMENT_TARGET = 11.2;
				MTL_ENABLE_DEBUG_INFO = NO;
				SDKROOT = iphoneos;
				VALIDATE_PRODUCT = YES;
			};
			name = Release;
		};
		E61710252073883700EC940A /* Debug */ = {
			isa = XCBuildConfiguration;
			buildSettings = {
				ASSETCATALOG_COMPILER_APPICON_NAME = AppIcon;
				CODE_SIGN_STYLE = Automatic;
				INFOPLIST_FILE = phoneType/Info.plist;
				LD_RUNPATH_SEARCH_PATHS = "$(inherited) @executable_path/Frameworks";
				PRODUCT_BUNDLE_IDENTIFIER = test.phoneType;
				PRODUCT_NAME = "$(TARGET_NAME)";
				TARGETED_DEVICE_FAMILY = "1,2";
			};
			name = Debug;
		};
		E61710262073883700EC940A /* Release */ = {
			isa = XCBuildConfiguration;
			buildSettings = {
				ASSETCATALOG_COMPILER_APPICON_NAME = AppIcon;
				CODE_SIGN_STYLE = Automatic;
				INFOPLIST_FILE = phoneType/Info.plist;
				LD_RUNPATH_SEARCH_PATHS = "$(inherited) @executable_path/Frameworks";
				PRODUCT_BUNDLE_IDENTIFIER = test.phoneType;
				PRODUCT_NAME = "$(TARGET_NAME)";
				TARGETED_DEVICE_FAMILY = "1,2";
			};
			name = Release;
		};
/* End XCBuildConfiguration section */

/* Begin XCConfigurationList section */
		E61710092073883700EC940A /* Build configuration list for PBXProject "phoneType" */ = {
			isa = XCConfigurationList;
			buildConfigurations = (
				E61710222073883700EC940A /* Debug */,
				E61710232073883700EC940A /* Release */,
			);
			defaultConfigurationIsVisible = 0;
			defaultConfigurationName = Release;
		};
		E61710242073883700EC940A /* Build configuration list for PBXNativeTarget "phoneType" */ = {
			isa = XCConfigurationList;
			buildConfigurations = (
				E61710252073883700EC940A /* Debug */,
				E61710262073883700EC940A /* Release */,
			);
			defaultConfigurationIsVisible = 0;
			defaultConfigurationName = Release;
		};
/* End XCConfigurationList section */
	};
	rootObject = E61710062073883700EC940A /* Project object */;
}
